
Microsoft Visual Studio Solution File, Format Version 12.00
# Visual Studio 15
VisualStudioVersion = 15.0.28307.489
MinimumVisualStudioVersion = 10.0.40219.1
Project("{FAE04EC0-301F-11D3-BF4B-00C04F79EFBC}") = "ArcticInteractiveASP", "ArcticInteractiveASP\ArcticInteractiveASP.csproj", "{108CD5D5-3D5A-40D9-B12D-B6DCB4A32F74}"
EndProject
Global
	GlobalSection(SolutionConfigurationPlatforms) = preSolution
		Debug|Any CPU = Debug|Any CPU
		Release|Any CPU = Release|Any CPU
	EndGlobalSection
	GlobalSection(ProjectConfigurationPlatforms) = postSolution
		{108CD5D5-3D5A-40D9-B12D-B6DCB4A32F74}.Debug|Any CPU.ActiveCfg = Debug|Any CPU
		{108CD5D5-3D5A-40D9-B12D-B6DCB4A32F74}.Debug|Any CPU.Build.0 = Debug|Any CPU
		{108CD5D5-3D5A-40D9-B12D-B6DCB4A32F74}.Release|Any CPU.ActiveCfg = Release|Any CPU
		{108CD5D5-3D5A-40D9-B12D-B6DCB4A32F74}.Release|Any CPU.Build.0 = Release|Any CPU
	EndGlobalSection
	GlobalSection(SolutionProperties) = preSolution
		HideSolutionNode = FALSE
	EndGlobalSection
	GlobalSection(ExtensibilityGlobals) = postSolution
		SolutionGuid = {0F8C2CD7-34DA-4454-AAB2-853932F4F6EE}
	EndGlobalSection
EndGlobal
